
Microsoft Visual Studio Solution File, Format Version 12.00
# Visual Studio Version 17
VisualStudioVersion = 17.8.34511.84
MinimumVisualStudioVersion = 10.0.40219.1
Project("{FAE04EC0-301F-11D3-BF4B-00C04F79EFBC}") = "FarmInventoryBackend.API", "FarmInventoryBackend.API.csproj", "{1F0A15ED-70B8-4F03-B015-7B9DC1AA607B}"
EndProject
Global
	GlobalSection(SolutionConfigurationPlatforms) = preSolution
		Debug|Any CPU = Debug|Any CPU
		Release|Any CPU = Release|Any CPU
	EndGlobalSection
	GlobalSection(ProjectConfigurationPlatforms) = postSolution
		{1F0A15ED-70B8-4F03-B015-7B9DC1AA607B}.Debug|Any CPU.ActiveCfg = Debug|Any CPU
		{1F0A15ED-70B8-4F03-B015-7B9DC1AA607B}.Debug|Any CPU.Build.0 = Debug|Any CPU
		{1F0A15ED-70B8-4F03-B015-7B9DC1AA607B}.Release|Any CPU.ActiveCfg = Release|Any CPU
		{1F0A15ED-70B8-4F03-B015-7B9DC1AA607B}.Release|Any CPU.Build.0 = Release|Any CPU
	EndGlobalSection
	GlobalSection(SolutionProperties) = preSolution
		HideSolutionNode = FALSE
	EndGlobalSection
	GlobalSection(ExtensibilityGlobals) = postSolution
		SolutionGuid = {5ABC9257-4303-4222-A592-B69D6B6B40E0}
	EndGlobalSection
EndGlobal
